<Solution>
  <Folder Name="/tests/">
    <Project Path="tests/Alza.Products.WebApi.Tests/Alza.Products.WebApi.Tests.csproj" Id="28a120f1-95b2-48ea-b9ff-945276e8cd14" />
  </Folder>
  <Project Path="Alza.Products.Application/Alza.Products.Application.csproj" />
  <Project Path="Alza.Products.Domain/Alza.Products.Domain.csproj" />
  <Project Path="Alza.Products.Infrastructure/Alza.Products.Infrastructure.csproj" />
  <Project Path="Alza.Products.WebApi/Alza.Products.WebApi.csproj" />
</Solution>
